
Microsoft Visual Studio Solution File, Format Version 12.00
# Visual Studio Version 17
VisualStudioVersion = 17.11.35431.28
MinimumVisualStudioVersion = 10.0.40219.1
Project("{FAE04EC0-301F-11D3-BF4B-00C04F79EFBC}") = "FortiClientRouteTableFix", "FortiClientRouteTableFix\FortiClientRouteTableFix.csproj", "{B88C2A08-FB0A-492B-B033-0097D55B9907}"
EndProject
Global
	GlobalSection(SolutionConfigurationPlatforms) = preSolution
		Debug|Any CPU = Debug|Any CPU
		Release|Any CPU = Release|Any CPU
	EndGlobalSection
	GlobalSection(ProjectConfigurationPlatforms) = postSolution
		{B88C2A08-FB0A-492B-B033-0097D55B9907}.Debug|Any CPU.ActiveCfg = Debug|Any CPU
		{B88C2A08-FB0A-492B-B033-0097D55B9907}.Debug|Any CPU.Build.0 = Debug|Any CPU
		{B88C2A08-FB0A-492B-B033-0097D55B9907}.Release|Any CPU.ActiveCfg = Release|Any CPU
		{B88C2A08-FB0A-492B-B033-0097D55B9907}.Release|Any CPU.Build.0 = Release|Any CPU
	EndGlobalSection
	GlobalSection(SolutionProperties) = preSolution
		HideSolutionNode = FALSE
	EndGlobalSection
	GlobalSection(ExtensibilityGlobals) = postSolution
		SolutionGuid = {5041106C-8320-49F6-8220-F8778CED116A}
	EndGlobalSection
EndGlobal
